version: 1
files:
  src/providers/i18n/locales/en.json:
    ESYebm: 78463a384a5aa4fad5fa73e2f506ecfc
    GAriGU: 8f7f4c1ce7a4f933663d10543562b096
    HwLRN6: 272ccb8592bafde0baf1dedce0fd3ac2
    Ik3d0Z: cb5480c32e71778852b08ae1e8712775
    VeCJxU: 8cf04a9734132302f96da8e113e80ce5
    h6psDG: 583dfd2c874a688b3e37eb21954852a3
